{
  "name": "awesome-books-es6",
  "lockfileVersion": 2,
  "requires": true,
  "packages": {
    "": {
      "dependencies": {
        "luxon": "^3.0.3"
      }
    },
    "node_modules/luxon": {
      "version": "3.0.3",
      "resolved": "https://registry.npmjs.org/luxon/-/luxon-3.0.3.tgz",
      "integrity": "sha512-+EfHWnF+UT7GgTnq5zXg3ldnTKL2zdv7QJgsU5bjjpbH17E3qi/puMhQyJVYuCq+FRkogvB5WB6iVvUr+E4a7w==",
      "engines": {
        "node": ">=12"
      }
    }
  },
  "dependencies": {
    "luxon": {
      "version": "3.0.3",
      "resolved": "https://registry.npmjs.org/luxon/-/luxon-3.0.3.tgz",
      "integrity": "sha512-+EfHWnF+UT7GgTnq5zXg3ldnTKL2zdv7QJgsU5bjjpbH17E3qi/puMhQyJVYuCq+FRkogvB5WB6iVvUr+E4a7w=="
    }
  }
}
